
Microsoft Visual Studio Solution File, Format Version 12.00
# Visual Studio Version 17
VisualStudioVersion = 17.5.002.0
MinimumVisualStudioVersion = 10.0.40219.1
Project("{2150E333-8FDC-42A3-9474-1A3956D46DE8}") = "frameworks", "frameworks", "{17DD87BA-AE9B-4DEF-9167-D1800AEB41E9}"
EndProject
Project("{2150E333-8FDC-42A3-9474-1A3956D46DE8}") = "dotnet", "dotnet", "{6A384746-7468-456F-B8E5-83930B0B910B}"
EndProject
Project("{9A19103F-16F7-4668-BE54-9A1E7A4F7556}") = "MyBlazorApp", "frameworks\dotnet\MyBlazorApp\MyBlazorApp.csproj", "{1F372B50-C0A5-4E88-9DF7-925D4D16B44C}"
EndProject
Project("{9A19103F-16F7-4668-BE54-9A1E7A4F7556}") = "MyClassLib", "frameworks\dotnet\MyClassLib\MyClassLib.csproj", "{9B694081-2DDA-44DA-9FE3-2DEA2B8A5FD7}"
EndProject
Project("{9A19103F-16F7-4668-BE54-9A1E7A4F7556}") = "MyConsoleApp", "frameworks\dotnet\MyConsoleApp\MyConsoleApp.csproj", "{B5619F29-6FB8-4C86-A979-57680050711D}"
EndProject
Project("{9A19103F-16F7-4668-BE54-9A1E7A4F7556}") = "MyUnitTestProject", "frameworks\dotnet\MyUnitTestProject\MyUnitTestProject.csproj", "{E8F85C05-F4C1-4A88-A586-2811E602FD83}"
EndProject
Project("{9A19103F-16F7-4668-BE54-9A1E7A4F7556}") = "MyWebAPI", "frameworks\dotnet\MyWebAPI\MyWebAPI.csproj", "{96961866-E6A6-43A0-9CC0-DBE1F251071A}"
EndProject
Project("{9A19103F-16F7-4668-BE54-9A1E7A4F7556}") = "MyWebApp", "frameworks\dotnet\MyWebApp\MyWebApp.csproj", "{3918D080-FD7E-4869-8FBB-EDE9FF9C4D0F}"
EndProject
Project("{2150E333-8FDC-42A3-9474-1A3956D46DE8}") = "power-platform", "power-platform", "{613924C0-38E3-4EF8-8F75-348071EFD171}"
EndProject
Project("{2150E333-8FDC-42A3-9474-1A3956D46DE8}") = "plugins", "plugins", "{88BD1B89-3ABD-4E64-92E0-48DBA40FCD66}"
EndProject
Project("{9A19103F-16F7-4668-BE54-9A1E7A4F7556}") = "test", "power-platform\plugins\test\test.csproj", "{3479E360-9A92-406E-862D-3CD3455653C1}"
EndProject
Global
	GlobalSection(SolutionConfigurationPlatforms) = preSolution
		Debug|Any CPU = Debug|Any CPU
		Release|Any CPU = Release|Any CPU
	EndGlobalSection
	GlobalSection(ProjectConfigurationPlatforms) = postSolution
		{1F372B50-C0A5-4E88-9DF7-925D4D16B44C}.Debug|Any CPU.ActiveCfg = Debug|Any CPU
		{1F372B50-C0A5-4E88-9DF7-925D4D16B44C}.Debug|Any CPU.Build.0 = Debug|Any CPU
		{1F372B50-C0A5-4E88-9DF7-925D4D16B44C}.Release|Any CPU.ActiveCfg = Release|Any CPU
		{1F372B50-C0A5-4E88-9DF7-925D4D16B44C}.Release|Any CPU.Build.0 = Release|Any CPU
		{9B694081-2DDA-44DA-9FE3-2DEA2B8A5FD7}.Debug|Any CPU.ActiveCfg = Debug|Any CPU
		{9B694081-2DDA-44DA-9FE3-2DEA2B8A5FD7}.Debug|Any CPU.Build.0 = Debug|Any CPU
		{9B694081-2DDA-44DA-9FE3-2DEA2B8A5FD7}.Release|Any CPU.ActiveCfg = Release|Any CPU
		{9B694081-2DDA-44DA-9FE3-2DEA2B8A5FD7}.Release|Any CPU.Build.0 = Release|Any CPU
		{B5619F29-6FB8-4C86-A979-57680050711D}.Debug|Any CPU.ActiveCfg = Debug|Any CPU
		{B5619F29-6FB8-4C86-A979-57680050711D}.Debug|Any CPU.Build.0 = Debug|Any CPU
		{B5619F29-6FB8-4C86-A979-57680050711D}.Release|Any CPU.ActiveCfg = Release|Any CPU
		{B5619F29-6FB8-4C86-A979-57680050711D}.Release|Any CPU.Build.0 = Release|Any CPU
		{E8F85C05-F4C1-4A88-A586-2811E602FD83}.Debug|Any CPU.ActiveCfg = Debug|Any CPU
		{E8F85C05-F4C1-4A88-A586-2811E602FD83}.Debug|Any CPU.Build.0 = Debug|Any CPU
		{E8F85C05-F4C1-4A88-A586-2811E602FD83}.Release|Any CPU.ActiveCfg = Release|Any CPU
		{E8F85C05-F4C1-4A88-A586-2811E602FD83}.Release|Any CPU.Build.0 = Release|Any CPU
		{96961866-E6A6-43A0-9CC0-DBE1F251071A}.Debug|Any CPU.ActiveCfg = Debug|Any CPU
		{96961866-E6A6-43A0-9CC0-DBE1F251071A}.Debug|Any CPU.Build.0 = Debug|Any CPU
		{96961866-E6A6-43A0-9CC0-DBE1F251071A}.Release|Any CPU.ActiveCfg = Release|Any CPU
		{96961866-E6A6-43A0-9CC0-DBE1F251071A}.Release|Any CPU.Build.0 = Release|Any CPU
		{3918D080-FD7E-4869-8FBB-EDE9FF9C4D0F}.Debug|Any CPU.ActiveCfg = Debug|Any CPU
		{3918D080-FD7E-4869-8FBB-EDE9FF9C4D0F}.Debug|Any CPU.Build.0 = Debug|Any CPU
		{3918D080-FD7E-4869-8FBB-EDE9FF9C4D0F}.Release|Any CPU.ActiveCfg = Release|Any CPU
		{3918D080-FD7E-4869-8FBB-EDE9FF9C4D0F}.Release|Any CPU.Build.0 = Release|Any CPU
		{3479E360-9A92-406E-862D-3CD3455653C1}.Debug|Any CPU.ActiveCfg = Debug|Any CPU
		{3479E360-9A92-406E-862D-3CD3455653C1}.Debug|Any CPU.Build.0 = Debug|Any CPU
		{3479E360-9A92-406E-862D-3CD3455653C1}.Release|Any CPU.ActiveCfg = Release|Any CPU
		{3479E360-9A92-406E-862D-3CD3455653C1}.Release|Any CPU.Build.0 = Release|Any CPU
	EndGlobalSection
	GlobalSection(SolutionProperties) = preSolution
		HideSolutionNode = FALSE
	EndGlobalSection
	GlobalSection(NestedProjects) = preSolution
		{6A384746-7468-456F-B8E5-83930B0B910B} = {17DD87BA-AE9B-4DEF-9167-D1800AEB41E9}
		{1F372B50-C0A5-4E88-9DF7-925D4D16B44C} = {6A384746-7468-456F-B8E5-83930B0B910B}
		{9B694081-2DDA-44DA-9FE3-2DEA2B8A5FD7} = {6A384746-7468-456F-B8E5-83930B0B910B}
		{B5619F29-6FB8-4C86-A979-57680050711D} = {6A384746-7468-456F-B8E5-83930B0B910B}
		{E8F85C05-F4C1-4A88-A586-2811E602FD83} = {6A384746-7468-456F-B8E5-83930B0B910B}
		{96961866-E6A6-43A0-9CC0-DBE1F251071A} = {6A384746-7468-456F-B8E5-83930B0B910B}
		{3918D080-FD7E-4869-8FBB-EDE9FF9C4D0F} = {6A384746-7468-456F-B8E5-83930B0B910B}
		{88BD1B89-3ABD-4E64-92E0-48DBA40FCD66} = {613924C0-38E3-4EF8-8F75-348071EFD171}
		{3479E360-9A92-406E-862D-3CD3455653C1} = {88BD1B89-3ABD-4E64-92E0-48DBA40FCD66}
	EndGlobalSection
	GlobalSection(ExtensibilityGlobals) = postSolution
		SolutionGuid = {03BE8597-F313-4AA2-AB7D-DDF1D96F2052}
	EndGlobalSection
EndGlobal
